
Microsoft Visual Studio Solution File, Format Version 12.00
# Visual Studio Version 17
VisualStudioVersion = 17.14.36616.10 d17.14
MinimumVisualStudioVersion = 10.0.40219.1
Project("{FAE04EC0-301F-11D3-BF4B-00C04F79EFBC}") = "AccountingApp", "AccountingApp.csproj", "{DED70FD5-BCDF-4727-819E-75D76FB53AC0}"
EndProject
Global
	GlobalSection(SolutionConfigurationPlatforms) = preSolution
		Debug|Any CPU = Debug|Any CPU
		Release|Any CPU = Release|Any CPU
	EndGlobalSection
	GlobalSection(ProjectConfigurationPlatforms) = postSolution
		{DED70FD5-BCDF-4727-819E-75D76FB53AC0}.Debug|Any CPU.ActiveCfg = Debug|Any CPU
		{DED70FD5-BCDF-4727-819E-75D76FB53AC0}.Debug|Any CPU.Build.0 = Debug|Any CPU
		{DED70FD5-BCDF-4727-819E-75D76FB53AC0}.Release|Any CPU.ActiveCfg = Release|Any CPU
		{DED70FD5-BCDF-4727-819E-75D76FB53AC0}.Release|Any CPU.Build.0 = Release|Any CPU
	EndGlobalSection
	GlobalSection(SolutionProperties) = preSolution
		HideSolutionNode = FALSE
	EndGlobalSection
	GlobalSection(ExtensibilityGlobals) = postSolution
		SolutionGuid = {5F770715-BAE1-4814-BB0B-DED4AEE5B432}
	EndGlobalSection
EndGlobal
